{
  "nodes": {
    "flake-parts": {
      "inputs": {
        "nixpkgs-lib": "nixpkgs-lib"
      },
      "locked": {
        "lastModified": 1706830856,
        "narHash": "sha256-a0NYyp+h9hlb7ddVz4LUn1vT/PLwqfrWYcHMvFB1xYg=",
        "owner": "hercules-ci",
        "repo": "flake-parts",
        "rev": "b253292d9c0a5ead9bc98c4e9a26c6312e27d69f",
        "type": "github"
      },
      "original": {
        "owner": "hercules-ci",
        "repo": "flake-parts",
        "type": "github"
      }
    },
    "nixpkgs": {
      "locked": {
        "lastModified": 1707205916,
        "narHash": "sha256-fmRJilYGlB7VCt3XsdYxrA0u8e/K84O5xYucerUY0iM=",
        "owner": "nixos",
        "repo": "nixpkgs",
        "rev": "8cc79aa39bbc6eaedaf286ae655b224c71e02907",
        "type": "github"
      },
      "original": {
        "owner": "nixos",
        "ref": "nixpkgs-unstable",
        "repo": "nixpkgs",
        "type": "github"
      }
    },
    "nixpkgs-lib": {
      "locked": {
        "dir": "lib",
        "lastModified": 1706550542,
        "narHash": "sha256-UcsnCG6wx++23yeER4Hg18CXWbgNpqNXcHIo5/1Y+hc=",
        "owner": "NixOS",
        "repo": "nixpkgs",
        "rev": "97b17f32362e475016f942bbdfda4a4a72a8a652",
        "type": "github"
      },
      "original": {
        "dir": "lib",
        "owner": "NixOS",
        "ref": "nixos-unstable",
        "repo": "nixpkgs",
        "type": "github"
      }
    },
    "nixpkgs_2": {
      "locked": {
        "lastModified": 1739138025,
        "narHash": "sha256-M4ilIfGxzbBZuURokv24aqJTbdjPA9K+DtKUzrJaES4=",
        "owner": "NixOS",
        "repo": "nixpkgs",
        "rev": "b2243f41e860ac85c0b446eadc6930359b294e79",
        "type": "github"
      },
      "original": {
        "owner": "NixOS",
        "ref": "nixpkgs-unstable",
        "repo": "nixpkgs",
        "type": "github"
      }
    },
    "nur-packages": {
      "inputs": {
        "nixpkgs": "nixpkgs_2"
      },
      "locked": {
        "lastModified": 1739403827,
        "narHash": "sha256-PW5NXJfgwZ17W+El6px+mWtpUFWjshJhOhWInYIqOWE=",
        "owner": "lykos153",
        "repo": "nur-packages",
        "rev": "12e18b51ef03a7c82b8f2079345ace956e43eb99",
        "type": "github"
      },
      "original": {
        "owner": "lykos153",
        "repo": "nur-packages",
        "type": "github"
      }
    },
    "root": {
      "inputs": {
        "flake-parts": "flake-parts",
        "nixpkgs": "nixpkgs",
        "nur-packages": "nur-packages"
      }
    }
  },
  "root": "root",
  "version": 7
}
